
Microsoft Visual Studio Solution File, Format Version 12.00
# Visual Studio 15
VisualStudioVersion = 15.0.27130.2026
MinimumVisualStudioVersion = 10.0.40219.1
Project("{FAE04EC0-301F-11D3-BF4B-00C04F79EFBC}") = "biblioteca", "biblioteca\biblioteca.csproj", "{C9F7DBE8-AF31-4E8B-9678-E2AA34F7012C}"
EndProject
Global
	GlobalSection(SolutionConfigurationPlatforms) = preSolution
		Debug|Any CPU = Debug|Any CPU
		Release|Any CPU = Release|Any CPU
	EndGlobalSection
	GlobalSection(ProjectConfigurationPlatforms) = postSolution
		{C9F7DBE8-AF31-4E8B-9678-E2AA34F7012C}.Debug|Any CPU.ActiveCfg = Debug|Any CPU
		{C9F7DBE8-AF31-4E8B-9678-E2AA34F7012C}.Debug|Any CPU.Build.0 = Debug|Any CPU
		{C9F7DBE8-AF31-4E8B-9678-E2AA34F7012C}.Release|Any CPU.ActiveCfg = Release|Any CPU
		{C9F7DBE8-AF31-4E8B-9678-E2AA34F7012C}.Release|Any CPU.Build.0 = Release|Any CPU
	EndGlobalSection
	GlobalSection(SolutionProperties) = preSolution
		HideSolutionNode = FALSE
	EndGlobalSection
	GlobalSection(ExtensibilityGlobals) = postSolution
		SolutionGuid = {00DA59DB-D369-4E46-A3BA-09274C515D0A}
	EndGlobalSection
EndGlobal
